
Microsoft Visual Studio Solution File, Format Version 12.00
# Visual Studio Version 17
VisualStudioVersion = 17.9.34723.18
MinimumVisualStudioVersion = 10.0.40219.1
Project("{9A19103F-16F7-4668-BE54-9A1E7A4F7556}") = "ListOfTCollection", "CollectionSample\ListOfTCollection.csproj", "{21B04A00-2A63-4C7F-B44A-08823746F745}"
EndProject
Project("{2150E333-8FDC-42A3-9474-1A3956D46DE8}") = "Элементы решения", "Элементы решения", "{32CB0708-8CAC-4713-8DAE-F1FE831F7185}"
	ProjectSection(SolutionItems) = preProject
		README.md = README.md
	EndProjectSection
EndProject
Project("{FAE04EC0-301F-11D3-BF4B-00C04F79EFBC}") = "DictinaryCollection", "DictinaryCollection\DictinaryCollection.csproj", "{086E65E6-0D92-483A-9925-2019EEFE5894}"
EndProject
Global
	GlobalSection(SolutionConfigurationPlatforms) = preSolution
		Debug|Any CPU = Debug|Any CPU
		Release|Any CPU = Release|Any CPU
	EndGlobalSection
	GlobalSection(ProjectConfigurationPlatforms) = postSolution
		{21B04A00-2A63-4C7F-B44A-08823746F745}.Debug|Any CPU.ActiveCfg = Debug|Any CPU
		{21B04A00-2A63-4C7F-B44A-08823746F745}.Debug|Any CPU.Build.0 = Debug|Any CPU
		{21B04A00-2A63-4C7F-B44A-08823746F745}.Release|Any CPU.ActiveCfg = Release|Any CPU
		{21B04A00-2A63-4C7F-B44A-08823746F745}.Release|Any CPU.Build.0 = Release|Any CPU
		{086E65E6-0D92-483A-9925-2019EEFE5894}.Debug|Any CPU.ActiveCfg = Debug|Any CPU
		{086E65E6-0D92-483A-9925-2019EEFE5894}.Debug|Any CPU.Build.0 = Debug|Any CPU
		{086E65E6-0D92-483A-9925-2019EEFE5894}.Release|Any CPU.ActiveCfg = Release|Any CPU
		{086E65E6-0D92-483A-9925-2019EEFE5894}.Release|Any CPU.Build.0 = Release|Any CPU
	EndGlobalSection
	GlobalSection(SolutionProperties) = preSolution
		HideSolutionNode = FALSE
	EndGlobalSection
	GlobalSection(ExtensibilityGlobals) = postSolution
		SolutionGuid = {92D0CFA6-26CD-4944-B5BB-73C24A4659F1}
	EndGlobalSection
EndGlobal
